// !$*UTF8*$!
{
	archiveVersion = 1;
	classes = {
	};
	objectVersion = 55;
	objects = {

/* Begin PBXBuildFile section */
		311B607E288E38E60079008B /* Profilepage.swift in Sources */ = {isa = PBXBuildFile; fileRef = 311B607D288E38E60079008B /* Profilepage.swift */; };
		311B6080288E41DF0079008B /* NewProjectpage.swift in Sources */ = {isa = PBXBuildFile; fileRef = 311B607F288E41DF0079008B /* NewProjectpage.swift */; };
		3137A5DD288936E300324636 /* CodeBudsApp.swift in Sources */ = {isa = PBXBuildFile; fileRef = 3137A5DC288936E300324636 /* CodeBudsApp.swift */; };
		3137A5DF288936E300324636 /* ContentView.swift in Sources */ = {isa = PBXBuildFile; fileRef = 3137A5DE288936E300324636 /* ContentView.swift */; };
		3137A5E1288936E300324636 /* Assets.xcassets in Resources */ = {isa = PBXBuildFile; fileRef = 3137A5E0288936E300324636 /* Assets.xcassets */; };
		3137A5E4288936E300324636 /* Preview Assets.xcassets in Resources */ = {isa = PBXBuildFile; fileRef = 3137A5E3288936E300324636 /* Preview Assets.xcassets */; };
		3137A5E6288936E300324636 /* Persistence.swift in Sources */ = {isa = PBXBuildFile; fileRef = 3137A5E5288936E300324636 /* Persistence.swift */; };
		3137A5E9288936E300324636 /* CodeBuds.xcdatamodeld in Sources */ = {isa = PBXBuildFile; fileRef = 3137A5E7288936E300324636 /* CodeBuds.xcdatamodeld */; };
		3137A5F02889371100324636 /* Homepage.swift in Sources */ = {isa = PBXBuildFile; fileRef = 3137A5EF2889371100324636 /* Homepage.swift */; };
		3137A5F328893ECB00324636 /* Articlepage.swift in Sources */ = {isa = PBXBuildFile; fileRef = 3137A5F228893ECB00324636 /* Articlepage.swift */; };
		3137A5F5288943CE00324636 /* FontFormat.swift in Sources */ = {isa = PBXBuildFile; fileRef = 3137A5F4288943CE00324636 /* FontFormat.swift */; };
		31C323A9288A566000BA23AD /* Home+ProfilePage.swift in Sources */ = {isa = PBXBuildFile; fileRef = 31C323A8288A566000BA23AD /* Home+ProfilePage.swift */; };
		31C323AD288A60B300BA23AD /* CloudKit.framework in Frameworks */ = {isa = PBXBuildFile; fileRef = 31C323AC288A60B300BA23AD /* CloudKit.framework */; };
/* End PBXBuildFile section */

/* Begin PBXFileReference section */
		311B607D288E38E60079008B /* Profilepage.swift */ = {isa = PBXFileReference; lastKnownFileType = sourcecode.swift; path = Profilepage.swift; sourceTree = "<group>"; };
		311B607F288E41DF0079008B /* NewProjectpage.swift */ = {isa = PBXFileReference; lastKnownFileType = sourcecode.swift; path = NewProjectpage.swift; sourceTree = "<group>"; };
		3137A5D9288936E300324636 /* CodeBuds.app */ = {isa = PBXFileReference; explicitFileType = wrapper.application; includeInIndex = 0; path = CodeBuds.app; sourceTree = BUILT_PRODUCTS_DIR; };
		3137A5DC288936E300324636 /* CodeBudsApp.swift */ = {isa = PBXFileReference; lastKnownFileType = sourcecode.swift; path = CodeBudsApp.swift; sourceTree = "<group>"; };
		3137A5DE288936E300324636 /* ContentView.swift */ = {isa = PBXFileReference; lastKnownFileType = sourcecode.swift; path = ContentView.swift; sourceTree = "<group>"; };
		3137A5E0288936E300324636 /* Assets.xcassets */ = {isa = PBXFileReference; lastKnownFileType = folder.assetcatalog; path = Assets.xcassets; sourceTree = "<group>"; };
		3137A5E3288936E300324636 /* Preview Assets.xcassets */ = {isa = PBXFileReference; lastKnownFileType = folder.assetcatalog; path = "Preview Assets.xcassets"; sourceTree = "<group>"; };
		3137A5E5288936E300324636 /* Persistence.swift */ = {isa = PBXFileReference; lastKnownFileType = sourcecode.swift; path = Persistence.swift; sourceTree = "<group>"; };
		3137A5E8288936E300324636 /* CodeBuds.xcdatamodel */ = {isa = PBXFileReference; lastKnownFileType = wrapper.xcdatamodel; path = CodeBuds.xcdatamodel; sourceTree = "<group>"; };
		3137A5EF2889371100324636 /* Homepage.swift */ = {isa = PBXFileReference; lastKnownFileType = sourcecode.swift; path = Homepage.swift; sourceTree = "<group>"; };
		3137A5F228893ECB00324636 /* Articlepage.swift */ = {isa = PBXFileReference; lastKnownFileType = sourcecode.swift; path = Articlepage.swift; sourceTree = "<group>"; };
		3137A5F4288943CE00324636 /* FontFormat.swift */ = {isa = PBXFileReference; lastKnownFileType = sourcecode.swift; path = FontFormat.swift; sourceTree = "<group>"; };
		31C323A8288A566000BA23AD /* Home+ProfilePage.swift */ = {isa = PBXFileReference; lastKnownFileType = sourcecode.swift; path = "Home+ProfilePage.swift"; sourceTree = "<group>"; };
		31C323AA288A60B000BA23AD /* CodeBuds.entitlements */ = {isa = PBXFileReference; lastKnownFileType = text.plist.entitlements; path = CodeBuds.entitlements; sourceTree = "<group>"; };
		31C323AC288A60B300BA23AD /* CloudKit.framework */ = {isa = PBXFileReference; lastKnownFileType = wrapper.framework; name = CloudKit.framework; path = System/Library/Frameworks/CloudKit.framework; sourceTree = SDKROOT; };
/* End PBXFileReference section */

/* Begin PBXFrameworksBuildPhase section */
		3137A5D6288936E200324636 /* Frameworks */ = {
			isa = PBXFrameworksBuildPhase;
			buildActionMask = 2147483647;
			files = (
				31C323AD288A60B300BA23AD /* CloudKit.framework in Frameworks */,
			);
			runOnlyForDeploymentPostprocessing = 0;
		};
/* End PBXFrameworksBuildPhase section */

/* Begin PBXGroup section */
		3137A5D0288936E200324636 = {
			isa = PBXGroup;
			children = (
				3137A5DB288936E300324636 /* CodeBuds */,
				3137A5DA288936E300324636 /* Products */,
				31C323AB288A60B300BA23AD /* Frameworks */,
			);
			sourceTree = "<group>";
		};
		3137A5DA288936E300324636 /* Products */ = {
			isa = PBXGroup;
			children = (
				3137A5D9288936E300324636 /* CodeBuds.app */,
			);
			name = Products;
			sourceTree = "<group>";
		};
		3137A5DB288936E300324636 /* CodeBuds */ = {
			isa = PBXGroup;
			children = (
				31C323AA288A60B000BA23AD /* CodeBuds.entitlements */,
				31C323A3288A473E00BA23AD /* Component */,
				3137A5F128893E8000324636 /* View */,
				3137A5DC288936E300324636 /* CodeBudsApp.swift */,
				3137A5DE288936E300324636 /* ContentView.swift */,
				3137A5E0288936E300324636 /* Assets.xcassets */,
				3137A5E5288936E300324636 /* Persistence.swift */,
				3137A5E7288936E300324636 /* CodeBuds.xcdatamodeld */,
				3137A5E2288936E300324636 /* Preview Content */,
				3137A5F4288943CE00324636 /* FontFormat.swift */,
			);
			path = CodeBuds;
			sourceTree = "<group>";
		};
		3137A5E2288936E300324636 /* Preview Content */ = {
			isa = PBXGroup;
			children = (
				3137A5E3288936E300324636 /* Preview Assets.xcassets */,
			);
			path = "Preview Content";
			sourceTree = "<group>";
		};
		3137A5F128893E8000324636 /* View */ = {
			isa = PBXGroup;
			children = (
				3137A5EF2889371100324636 /* Homepage.swift */,
				3137A5F228893ECB00324636 /* Articlepage.swift */,
				31C323A8288A566000BA23AD /* Home+ProfilePage.swift */,
				311B607D288E38E60079008B /* Profilepage.swift */,
				311B607F288E41DF0079008B /* NewProjectpage.swift */,
			);
			path = View;
			sourceTree = "<group>";
		};
		31C323A3288A473E00BA23AD /* Component */ = {
			isa = PBXGroup;
			children = (
			);
			path = Component;
			sourceTree = "<group>";
		};
		31C323AB288A60B300BA23AD /* Frameworks */ = {
			isa = PBXGroup;
			children = (
				31C323AC288A60B300BA23AD /* CloudKit.framework */,
			);
			name = Frameworks;
			sourceTree = "<group>";
		};
/* End PBXGroup section */

/* Begin PBXNativeTarget section */
		3137A5D8288936E200324636 /* CodeBuds */ = {
			isa = PBXNativeTarget;
			buildConfigurationList = 3137A5EC288936E300324636 /* Build configuration list for PBXNativeTarget "CodeBuds" */;
			buildPhases = (
				3137A5D5288936E200324636 /* Sources */,
				3137A5D6288936E200324636 /* Frameworks */,
				3137A5D7288936E200324636 /* Resources */,
			);
			buildRules = (
			);
			dependencies = (
			);
			name = CodeBuds;
			productName = CodeBuds;
			productReference = 3137A5D9288936E300324636 /* CodeBuds.app */;
			productType = "com.apple.product-type.application";
		};
/* End PBXNativeTarget section */

/* Begin PBXProject section */
		3137A5D1288936E200324636 /* Project object */ = {
			isa = PBXProject;
			attributes = {
				BuildIndependentTargetsInParallel = 1;
				LastSwiftUpdateCheck = 1340;
				LastUpgradeCheck = 1340;
				TargetAttributes = {
					3137A5D8288936E200324636 = {
						CreatedOnToolsVersion = 13.4.1;
					};
				};
			};
			buildConfigurationList = 3137A5D4288936E200324636 /* Build configuration list for PBXProject "CodeBuds" */;
			compatibilityVersion = "Xcode 13.0";
			developmentRegion = en;
			hasScannedForEncodings = 0;
			knownRegions = (
				en,
				Base,
			);
			mainGroup = 3137A5D0288936E200324636;
			productRefGroup = 3137A5DA288936E300324636 /* Products */;
			projectDirPath = "";
			projectRoot = "";
			targets = (
				3137A5D8288936E200324636 /* CodeBuds */,
			);
		};
/* End PBXProject section */

/* Begin PBXResourcesBuildPhase section */
		3137A5D7288936E200324636 /* Resources */ = {
			isa = PBXResourcesBuildPhase;
			buildActionMask = 2147483647;
			files = (
				3137A5E4288936E300324636 /* Preview Assets.xcassets in Resources */,
				3137A5E1288936E300324636 /* Assets.xcassets in Resources */,
			);
			runOnlyForDeploymentPostprocessing = 0;
		};
/* End PBXResourcesBuildPhase section */

/* Begin PBXSourcesBuildPhase section */
		3137A5D5288936E200324636 /* Sources */ = {
			isa = PBXSourcesBuildPhase;
			buildActionMask = 2147483647;
			files = (
				3137A5E6288936E300324636 /* Persistence.swift in Sources */,
				311B6080288E41DF0079008B /* NewProjectpage.swift in Sources */,
				3137A5DF288936E300324636 /* ContentView.swift in Sources */,
				3137A5E9288936E300324636 /* CodeBuds.xcdatamodeld in Sources */,
				311B607E288E38E60079008B /* Profilepage.swift in Sources */,
				31C323A9288A566000BA23AD /* Home+ProfilePage.swift in Sources */,
				3137A5F02889371100324636 /* Homepage.swift in Sources */,
				3137A5DD288936E300324636 /* CodeBudsApp.swift in Sources */,
				3137A5F328893ECB00324636 /* Articlepage.swift in Sources */,
				3137A5F5288943CE00324636 /* FontFormat.swift in Sources */,
			);
			runOnlyForDeploymentPostprocessing = 0;
		};
/* End PBXSourcesBuildPhase section */

/* Begin XCBuildConfiguration section */
		3137A5EA288936E300324636 /* Debug */ = {
			isa = XCBuildConfiguration;
			buildSettings = {
				ALWAYS_SEARCH_USER_PATHS = NO;
				CLANG_ANALYZER_NONNULL = YES;
				CLANG_ANALYZER_NUMBER_OBJECT_CONVERSION = YES_AGGRESSIVE;
				CLANG_CXX_LANGUAGE_STANDARD = "gnu++17";
				CLANG_ENABLE_MODULES = YES;
				CLANG_ENABLE_OBJC_ARC = YES;
				CLANG_ENABLE_OBJC_WEAK = YES;
				CLANG_WARN_BLOCK_CAPTURE_AUTORELEASING = YES;
				CLANG_WARN_BOOL_CONVERSION = YES;
				CLANG_WARN_COMMA = YES;
				CLANG_WARN_CONSTANT_CONVERSION = YES;
				CLANG_WARN_DEPRECATED_OBJC_IMPLEMENTATIONS = YES;
				CLANG_WARN_DIRECT_OBJC_ISA_USAGE = YES_ERROR;
				CLANG_WARN_DOCUMENTATION_COMMENTS = YES;
				CLANG_WARN_EMPTY_BODY = YES;
				CLANG_WARN_ENUM_CONVERSION = YES;
				CLANG_WARN_INFINITE_RECURSION = YES;
				CLANG_WARN_INT_CONVERSION = YES;
				CLANG_WARN_NON_LITERAL_NULL_CONVERSION = YES;
				CLANG_WARN_OBJC_IMPLICIT_RETAIN_SELF = YES;
				CLANG_WARN_OBJC_LITERAL_CONVERSION = YES;
				CLANG_WARN_OBJC_ROOT_CLASS = YES_ERROR;
				CLANG_WARN_QUOTED_INCLUDE_IN_FRAMEWORK_HEADER = YES;
				CLANG_WARN_RANGE_LOOP_ANALYSIS = YES;
				CLANG_WARN_STRICT_PROTOTYPES = YES;
				CLANG_WARN_SUSPICIOUS_MOVE = YES;
				CLANG_WARN_UNGUARDED_AVAILABILITY = YES_AGGRESSIVE;
				CLANG_WARN_UNREACHABLE_CODE = YES;
				CLANG_WARN__DUPLICATE_METHOD_MATCH = YES;
				COPY_PHASE_STRIP = NO;
				DEBUG_INFORMATION_FORMAT = dwarf;
				ENABLE_STRICT_OBJC_MSGSEND = YES;
				ENABLE_TESTABILITY = YES;
				GCC_C_LANGUAGE_STANDARD = gnu11;
				GCC_DYNAMIC_NO_PIC = NO;
				GCC_NO_COMMON_BLOCKS = YES;
				GCC_OPTIMIZATION_LEVEL = 0;
				GCC_PREPROCESSOR_DEFINITIONS = (
					"DEBUG=1",
					"$(inherited)",
				);
				GCC_WARN_64_TO_32_BIT_CONVERSION = YES;
				GCC_WARN_ABOUT_RETURN_TYPE = YES_ERROR;
				GCC_WARN_UNDECLARED_SELECTOR = YES;
				GCC_WARN_UNINITIALIZED_AUTOS = YES_AGGRESSIVE;
				GCC_WARN_UNUSED_FUNCTION = YES;
				GCC_WARN_UNUSED_VARIABLE = YES;
				IPHONEOS_DEPLOYMENT_TARGET = 15.5;
				MTL_ENABLE_DEBUG_INFO = INCLUDE_SOURCE;
				MTL_FAST_MATH = YES;
				ONLY_ACTIVE_ARCH = YES;
				SDKROOT = iphoneos;
				SWIFT_ACTIVE_COMPILATION_CONDITIONS = DEBUG;
				SWIFT_OPTIMIZATION_LEVEL = "-Onone";
			};
			name = Debug;
		};
		3137A5EB288936E300324636 /* Release */ = {
			isa = XCBuildConfiguration;
			buildSettings = {
				ALWAYS_SEARCH_USER_PATHS = NO;
				CLANG_ANALYZER_NONNULL = YES;
				CLANG_ANALYZER_NUMBER_OBJECT_CONVERSION = YES_AGGRESSIVE;
				CLANG_CXX_LANGUAGE_STANDARD = "gnu++17";
				CLANG_ENABLE_MODULES = YES;
				CLANG_ENABLE_OBJC_ARC = YES;
				CLANG_ENABLE_OBJC_WEAK = YES;
				CLANG_WARN_BLOCK_CAPTURE_AUTORELEASING = YES;
				CLANG_WARN_BOOL_CONVERSION = YES;
				CLANG_WARN_COMMA = YES;
				CLANG_WARN_CONSTANT_CONVERSION = YES;
				CLANG_WARN_DEPRECATED_OBJC_IMPLEMENTATIONS = YES;
				CLANG_WARN_DIRECT_OBJC_ISA_USAGE = YES_ERROR;
				CLANG_WARN_DOCUMENTATION_COMMENTS = YES;
				CLANG_WARN_EMPTY_BODY = YES;
				CLANG_WARN_ENUM_CONVERSION = YES;
				CLANG_WARN_INFINITE_RECURSION = YES;
				CLANG_WARN_INT_CONVERSION = YES;
				CLANG_WARN_NON_LITERAL_NULL_CONVERSION = YES;
				CLANG_WARN_OBJC_IMPLICIT_RETAIN_SELF = YES;
				CLANG_WARN_OBJC_LITERAL_CONVERSION = YES;
				CLANG_WARN_OBJC_ROOT_CLASS = YES_ERROR;
				CLANG_WARN_QUOTED_INCLUDE_IN_FRAMEWORK_HEADER = YES;
				CLANG_WARN_RANGE_LOOP_ANALYSIS = YES;
				CLANG_WARN_STRICT_PROTOTYPES = YES;
				CLANG_WARN_SUSPICIOUS_MOVE = YES;
				CLANG_WARN_UNGUARDED_AVAILABILITY = YES_AGGRESSIVE;
				CLANG_WARN_UNREACHABLE_CODE = YES;
				CLANG_WARN__DUPLICATE_METHOD_MATCH = YES;
				COPY_PHASE_STRIP = NO;
				DEBUG_INFORMATION_FORMAT = "dwarf-with-dsym";
				ENABLE_NS_ASSERTIONS = NO;
				ENABLE_STRICT_OBJC_MSGSEND = YES;
				GCC_C_LANGUAGE_STANDARD = gnu11;
				GCC_NO_COMMON_BLOCKS = YES;
				GCC_WARN_64_TO_32_BIT_CONVERSION = YES;
				GCC_WARN_ABOUT_RETURN_TYPE = YES_ERROR;
				GCC_WARN_UNDECLARED_SELECTOR = YES;
				GCC_WARN_UNINITIALIZED_AUTOS = YES_AGGRESSIVE;
				GCC_WARN_UNUSED_FUNCTION = YES;
				GCC_WARN_UNUSED_VARIABLE = YES;
				IPHONEOS_DEPLOYMENT_TARGET = 15.5;
				MTL_ENABLE_DEBUG_INFO = NO;
				MTL_FAST_MATH = YES;
				SDKROOT = iphoneos;
				SWIFT_COMPILATION_MODE = wholemodule;
				SWIFT_OPTIMIZATION_LEVEL = "-O";
				VALIDATE_PRODUCT = YES;
			};
			name = Release;
		};
		3137A5ED288936E300324636 /* Debug */ = {
			isa = XCBuildConfiguration;
			buildSettings = {
				ASSETCATALOG_COMPILER_APPICON_NAME = AppIcon;
				ASSETCATALOG_COMPILER_GLOBAL_ACCENT_COLOR_NAME = AccentColor;
				CODE_SIGN_ENTITLEMENTS = CodeBuds/CodeBuds.entitlements;
				CODE_SIGN_STYLE = Automatic;
				CURRENT_PROJECT_VERSION = 1;
				DEVELOPMENT_ASSET_PATHS = "\"CodeBuds/Preview Content\"";
				DEVELOPMENT_TEAM = UKBQ2HNT45;
				ENABLE_PREVIEWS = YES;
				GENERATE_INFOPLIST_FILE = YES;
				INFOPLIST_KEY_UIApplicationSceneManifest_Generation = YES;
				INFOPLIST_KEY_UIApplicationSupportsIndirectInputEvents = YES;
				INFOPLIST_KEY_UILaunchScreen_Generation = YES;
				INFOPLIST_KEY_UISupportedInterfaceOrientations_iPad = "UIInterfaceOrientationPortrait UIInterfaceOrientationPortraitUpsideDown UIInterfaceOrientationLandscapeLeft UIInterfaceOrientationLandscapeRight";
				INFOPLIST_KEY_UISupportedInterfaceOrientations_iPhone = "UIInterfaceOrientationPortrait UIInterfaceOrientationLandscapeLeft UIInterfaceOrientationLandscapeRight";
				LD_RUNPATH_SEARCH_PATHS = (
					"$(inherited)",
					"@executable_path/Frameworks",
				);
				MARKETING_VERSION = 1.0;
				PRODUCT_BUNDLE_IDENTIFIER = "Dennis-Anthony.CodeBuds";
				PRODUCT_NAME = "$(TARGET_NAME)";
				SWIFT_EMIT_LOC_STRINGS = YES;
				SWIFT_VERSION = 5.0;
				TARGETED_DEVICE_FAMILY = "1,2";
			};
			name = Debug;
		};
		3137A5EE288936E300324636 /* Release */ = {
			isa = XCBuildConfiguration;
			buildSettings = {
				ASSETCATALOG_COMPILER_APPICON_NAME = AppIcon;
				ASSETCATALOG_COMPILER_GLOBAL_ACCENT_COLOR_NAME = AccentColor;
				CODE_SIGN_ENTITLEMENTS = CodeBuds/CodeBuds.entitlements;
				CODE_SIGN_STYLE = Automatic;
				CURRENT_PROJECT_VERSION = 1;
				DEVELOPMENT_ASSET_PATHS = "\"CodeBuds/Preview Content\"";
				DEVELOPMENT_TEAM = UKBQ2HNT45;
				ENABLE_PREVIEWS = YES;
				GENERATE_INFOPLIST_FILE = YES;
				INFOPLIST_KEY_UIApplicationSceneManifest_Generation = YES;
				INFOPLIST_KEY_UIApplicationSupportsIndirectInputEvents = YES;
				INFOPLIST_KEY_UILaunchScreen_Generation = YES;
				INFOPLIST_KEY_UISupportedInterfaceOrientations_iPad = "UIInterfaceOrientationPortrait UIInterfaceOrientationPortraitUpsideDown UIInterfaceOrientationLandscapeLeft UIInterfaceOrientationLandscapeRight";
				INFOPLIST_KEY_UISupportedInterfaceOrientations_iPhone = "UIInterfaceOrientationPortrait UIInterfaceOrientationLandscapeLeft UIInterfaceOrientationLandscapeRight";
				LD_RUNPATH_SEARCH_PATHS = (
					"$(inherited)",
					"@executable_path/Frameworks",
				);
				MARKETING_VERSION = 1.0;
				PRODUCT_BUNDLE_IDENTIFIER = "Dennis-Anthony.CodeBuds";
				PRODUCT_NAME = "$(TARGET_NAME)";
				SWIFT_EMIT_LOC_STRINGS = YES;
				SWIFT_VERSION = 5.0;
				TARGETED_DEVICE_FAMILY = "1,2";
			};
			name = Release;
		};
/* End XCBuildConfiguration section */

/* Begin XCConfigurationList section */
		3137A5D4288936E200324636 /* Build configuration list for PBXProject "CodeBuds" */ = {
			isa = XCConfigurationList;
			buildConfigurations = (
				3137A5EA288936E300324636 /* Debug */,
				3137A5EB288936E300324636 /* Release */,
			);
			defaultConfigurationIsVisible = 0;
			defaultConfigurationName = Release;
		};
		3137A5EC288936E300324636 /* Build configuration list for PBXNativeTarget "CodeBuds" */ = {
			isa = XCConfigurationList;
			buildConfigurations = (
				3137A5ED288936E300324636 /* Debug */,
				3137A5EE288936E300324636 /* Release */,
			);
			defaultConfigurationIsVisible = 0;
			defaultConfigurationName = Release;
		};
/* End XCConfigurationList section */

/* Begin XCVersionGroup section */
		3137A5E7288936E300324636 /* CodeBuds.xcdatamodeld */ = {
			isa = XCVersionGroup;
			children = (
				3137A5E8288936E300324636 /* CodeBuds.xcdatamodel */,
			);
			currentVersion = 3137A5E8288936E300324636 /* CodeBuds.xcdatamodel */;
			path = CodeBuds.xcdatamodeld;
			sourceTree = "<group>";
			versionGroupType = wrapper.xcdatamodel;
		};
/* End XCVersionGroup section */
	};
	rootObject = 3137A5D1288936E200324636 /* Project object */;
}
